
Microsoft Visual Studio Solution File, Format Version 12.00
# Visual Studio Version 17
VisualStudioVersion = 17.13.35913.81 d17.13
MinimumVisualStudioVersion = 10.0.40219.1
Project("{FAE04EC0-301F-11D3-BF4B-00C04F79EFBC}") = "Question 3", "Question 3.csproj", "{DE631338-16A9-6F8A-CE6D-19EFE62D099A}"
EndProject
Global
	GlobalSection(SolutionConfigurationPlatforms) = preSolution
		Debug|Any CPU = Debug|Any CPU
		Release|Any CPU = Release|Any CPU
	EndGlobalSection
	GlobalSection(ProjectConfigurationPlatforms) = postSolution
		{DE631338-16A9-6F8A-CE6D-19EFE62D099A}.Debug|Any CPU.ActiveCfg = Debug|Any CPU
		{DE631338-16A9-6F8A-CE6D-19EFE62D099A}.Debug|Any CPU.Build.0 = Debug|Any CPU
		{DE631338-16A9-6F8A-CE6D-19EFE62D099A}.Release|Any CPU.ActiveCfg = Release|Any CPU
		{DE631338-16A9-6F8A-CE6D-19EFE62D099A}.Release|Any CPU.Build.0 = Release|Any CPU
	EndGlobalSection
	GlobalSection(SolutionProperties) = preSolution
		HideSolutionNode = FALSE
	EndGlobalSection
	GlobalSection(ExtensibilityGlobals) = postSolution
		SolutionGuid = {05486A44-96CC-4A1A-A14B-2B57BD14923E}
	EndGlobalSection
EndGlobal
