
Microsoft Visual Studio Solution File, Format Version 12.00
# Visual Studio Version 17
VisualStudioVersion = 17.14.36203.30 d17.14
MinimumVisualStudioVersion = 10.0.40219.1
Project("{FAE04EC0-301F-11D3-BF4B-00C04F79EFBC}") = "Question 7 chapter6", "Question 7 chapter6.csproj", "{069879C8-DBED-4D73-481B-1B63CC18D920}"
EndProject
Global
	GlobalSection(SolutionConfigurationPlatforms) = preSolution
		Debug|Any CPU = Debug|Any CPU
		Release|Any CPU = Release|Any CPU
	EndGlobalSection
	GlobalSection(ProjectConfigurationPlatforms) = postSolution
		{069879C8-DBED-4D73-481B-1B63CC18D920}.Debug|Any CPU.ActiveCfg = Debug|Any CPU
		{069879C8-DBED-4D73-481B-1B63CC18D920}.Debug|Any CPU.Build.0 = Debug|Any CPU
		{069879C8-DBED-4D73-481B-1B63CC18D920}.Release|Any CPU.ActiveCfg = Release|Any CPU
		{069879C8-DBED-4D73-481B-1B63CC18D920}.Release|Any CPU.Build.0 = Release|Any CPU
	EndGlobalSection
	GlobalSection(SolutionProperties) = preSolution
		HideSolutionNode = FALSE
	EndGlobalSection
	GlobalSection(ExtensibilityGlobals) = postSolution
		SolutionGuid = {2091B35B-BEE8-46AF-8A2E-182E0E0F58F2}
	EndGlobalSection
EndGlobal
