
Microsoft Visual Studio Solution File, Format Version 12.00
# Visual Studio Version 17
VisualStudioVersion = 17.14.36109.1 d17.14
MinimumVisualStudioVersion = 10.0.40219.1
Project("{FAE04EC0-301F-11D3-BF4B-00C04F79EFBC}") = "Question 8", "Question 8.csproj", "{8E257650-8113-5CA8-74D7-B7F73DEC5D4C}"
EndProject
Global
	GlobalSection(SolutionConfigurationPlatforms) = preSolution
		Debug|Any CPU = Debug|Any CPU
		Release|Any CPU = Release|Any CPU
	EndGlobalSection
	GlobalSection(ProjectConfigurationPlatforms) = postSolution
		{8E257650-8113-5CA8-74D7-B7F73DEC5D4C}.Debug|Any CPU.ActiveCfg = Debug|Any CPU
		{8E257650-8113-5CA8-74D7-B7F73DEC5D4C}.Debug|Any CPU.Build.0 = Debug|Any CPU
		{8E257650-8113-5CA8-74D7-B7F73DEC5D4C}.Release|Any CPU.ActiveCfg = Release|Any CPU
		{8E257650-8113-5CA8-74D7-B7F73DEC5D4C}.Release|Any CPU.Build.0 = Release|Any CPU
	EndGlobalSection
	GlobalSection(SolutionProperties) = preSolution
		HideSolutionNode = FALSE
	EndGlobalSection
	GlobalSection(ExtensibilityGlobals) = postSolution
		SolutionGuid = {58F417B6-B666-4690-9DEA-3782D32ECB58}
	EndGlobalSection
EndGlobal
