
Microsoft Visual Studio Solution File, Format Version 12.00
# Visual Studio Version 17
VisualStudioVersion = 17.14.36203.30 d17.14
MinimumVisualStudioVersion = 10.0.40219.1
Project("{FAE04EC0-301F-11D3-BF4B-00C04F79EFBC}") = "Question 8 chapter6", "Question 8 chapter6.csproj", "{A9DBD1CE-1056-4813-8D12-FF0E3CB45052}"
EndProject
Global
	GlobalSection(SolutionConfigurationPlatforms) = preSolution
		Debug|Any CPU = Debug|Any CPU
		Release|Any CPU = Release|Any CPU
	EndGlobalSection
	GlobalSection(ProjectConfigurationPlatforms) = postSolution
		{A9DBD1CE-1056-4813-8D12-FF0E3CB45052}.Debug|Any CPU.ActiveCfg = Debug|Any CPU
		{A9DBD1CE-1056-4813-8D12-FF0E3CB45052}.Debug|Any CPU.Build.0 = Debug|Any CPU
		{A9DBD1CE-1056-4813-8D12-FF0E3CB45052}.Release|Any CPU.ActiveCfg = Release|Any CPU
		{A9DBD1CE-1056-4813-8D12-FF0E3CB45052}.Release|Any CPU.Build.0 = Release|Any CPU
	EndGlobalSection
	GlobalSection(SolutionProperties) = preSolution
		HideSolutionNode = FALSE
	EndGlobalSection
	GlobalSection(ExtensibilityGlobals) = postSolution
		SolutionGuid = {A19D6F39-7380-4D57-8773-7F3BB0B0C7BB}
	EndGlobalSection
EndGlobal
