
Microsoft Visual Studio Solution File, Format Version 12.00
# Visual Studio Version 17
VisualStudioVersion = 17.14.36109.1 d17.14
MinimumVisualStudioVersion = 10.0.40219.1
Project("{FAE04EC0-301F-11D3-BF4B-00C04F79EFBC}") = "Question 9", "Question 9.csproj", "{BC3CD225-1003-4711-0C57-2CD782A9FBA1}"
EndProject
Global
	GlobalSection(SolutionConfigurationPlatforms) = preSolution
		Debug|Any CPU = Debug|Any CPU
		Release|Any CPU = Release|Any CPU
	EndGlobalSection
	GlobalSection(ProjectConfigurationPlatforms) = postSolution
		{BC3CD225-1003-4711-0C57-2CD782A9FBA1}.Debug|Any CPU.ActiveCfg = Debug|Any CPU
		{BC3CD225-1003-4711-0C57-2CD782A9FBA1}.Debug|Any CPU.Build.0 = Debug|Any CPU
		{BC3CD225-1003-4711-0C57-2CD782A9FBA1}.Release|Any CPU.ActiveCfg = Release|Any CPU
		{BC3CD225-1003-4711-0C57-2CD782A9FBA1}.Release|Any CPU.Build.0 = Release|Any CPU
	EndGlobalSection
	GlobalSection(SolutionProperties) = preSolution
		HideSolutionNode = FALSE
	EndGlobalSection
	GlobalSection(ExtensibilityGlobals) = postSolution
		SolutionGuid = {2CEAD5B8-CFD5-4C20-AD8D-6714D5F58E98}
	EndGlobalSection
EndGlobal
